
Microsoft Visual Studio Solution File, Format Version 12.00
# Visual Studio 15
VisualStudioVersion = 15.0.27004.2005
MinimumVisualStudioVersion = 10.0.40219.1
Project("{8BC9CEB8-8B4A-11D0-8D11-00A0C91BC942}") = "blastem_gtk_vstudio", "blastem_gtk_vstudio.vcxproj", "{283B9E28-19E1-4C5B-A0E4-E61C2A3D93E5}"
EndProject
Global
	GlobalSection(SolutionConfigurationPlatforms) = preSolution
		Debug|x86 = Debug|x86
		Release|x86 = Release|x86
	EndGlobalSection
	GlobalSection(ProjectConfigurationPlatforms) = postSolution
		{283B9E28-19E1-4C5B-A0E4-E61C2A3D93E5}.Debug|x86.ActiveCfg = Debug|Win32
		{283B9E28-19E1-4C5B-A0E4-E61C2A3D93E5}.Debug|x86.Build.0 = Debug|Win32
		{283B9E28-19E1-4C5B-A0E4-E61C2A3D93E5}.Release|x86.ActiveCfg = Release|Win32
		{283B9E28-19E1-4C5B-A0E4-E61C2A3D93E5}.Release|x86.Build.0 = Release|Win32
	EndGlobalSection
	GlobalSection(SolutionProperties) = preSolution
		HideSolutionNode = FALSE
	EndGlobalSection
	GlobalSection(ExtensibilityGlobals) = postSolution
		SolutionGuid = {0BC79329-EE0D-4BA0-B8A2-E36F27121C14}
	EndGlobalSection
EndGlobal
