<?xml version="1.0" encoding="utf-8"?>
<Project ToolsVersion="4.0" xmlns="http://schemas.microsoft.com/developer/msbuild/2003">
  <ItemGroup>
    <Filter Include="Source Files">
      <UniqueIdentifier>{4FC737F1-C7A5-4376-A066-2A32D752A2FF}</UniqueIdentifier>
      <Extensions>cpp;c;cc;cxx;def;odl;idl;hpj;bat;asm;asmx</Extensions>
    </Filter>
    <Filter Include="Header Files">
      <UniqueIdentifier>{93995380-89BD-4b04-88EB-625FBE52EBFB}</UniqueIdentifier>
      <Extensions>h;hh;hpp;hxx;hm;inl;inc;xsd</Extensions>
    </Filter>
    <Filter Include="Resource Files">
      <UniqueIdentifier>{67DA6AB6-F800-4c08-8B7A-83BB121AAD01}</UniqueIdentifier>
      <Extensions>rc;ico;cur;bmp;dlg;rc2;rct;bin;rgs;gif;jpg;jpeg;jpe;resx;tiff;tif;png;wav;mfcribbon-ms</Extensions>
    </Filter>
  </ItemGroup>
  <ItemGroup>
    <ClInclude Include="..\include\68kinst.h">
      <Filter>Header Files</Filter>
    </ClInclude>
    <ClInclude Include="..\include\ajunzip.h">
      <Filter>Header Files</Filter>
    </ClInclude>
    <ClInclude Include="..\include\arena.h">
      <Filter>Header Files</Filter>
    </ClInclude>
    <ClInclude Include="..\include\backend.h">
      <Filter>Header Files</Filter>
    </ClInclude>
    <ClInclude Include="..\include\blastem.h">
      <Filter>Header Files</Filter>
    </ClInclude>
    <ClInclude Include="..\include\config.h">
      <Filter>Header Files</Filter>
    </ClInclude>
    <ClInclude Include="..\include\debug.h">
      <Filter>Header Files</Filter>
    </ClInclude>
    <ClInclude Include="..\include\gdb_remote.h">
      <Filter>Header Files</Filter>
    </ClInclude>
    <ClInclude Include="..\include\gen.h">
      <Filter>Header Files</Filter>
    </ClInclude>
    <ClInclude Include="..\include\gen_x86.h">
      <Filter>Header Files</Filter>
    </ClInclude>
    <ClInclude Include="..\include\genesis.h">
      <Filter>Header Files</Filter>
    </ClInclude>
    <ClInclude Include="..\include\gresource.h">
      <Filter>Header Files</Filter>
    </ClInclude>
    <ClInclude Include="..\include\gst.h">
      <Filter>Header Files</Filter>
    </ClInclude>
    <ClInclude Include="..\include\gtk_gui.h">
      <Filter>Header Files</Filter>
    </ClInclude>
    <ClInclude Include="..\include\hash.h">
      <Filter>Header Files</Filter>
    </ClInclude>
    <ClInclude Include="..\include\i2c.h">
      <Filter>Header Files</Filter>
    </ClInclude>
    <ClInclude Include="..\include\io.h">
      <Filter>Header Files</Filter>
    </ClInclude>
    <ClInclude Include="..\include\m68k_core.h">
      <Filter>Header Files</Filter>
    </ClInclude>
    <ClInclude Include="..\include\m68k_internal.h">
      <Filter>Header Files</Filter>
    </ClInclude>
    <ClInclude Include="..\include\mem.h">
      <Filter>Header Files</Filter>
    </ClInclude>
    <ClInclude Include="..\include\menu.h">
      <Filter>Header Files</Filter>
    </ClInclude>
    <ClInclude Include="..\include\multi_game.h">
      <Filter>Header Files</Filter>
    </ClInclude>
    <ClInclude Include="..\include\nor.h">
      <Filter>Header Files</Filter>
    </ClInclude>
    <ClInclude Include="..\include\ppm.h">
      <Filter>Header Files</Filter>
    </ClInclude>
    <ClInclude Include="..\include\psg.h">
      <Filter>Header Files</Filter>
    </ClInclude>
    <ClInclude Include="..\include\realtec.h">
      <Filter>Header Files</Filter>
    </ClInclude>
    <ClInclude Include="..\include\render.h">
      <Filter>Header Files</Filter>
    </ClInclude>
    <ClInclude Include="..\include\romdb.h">
      <Filter>Header Files</Filter>
    </ClInclude>
    <ClInclude Include="..\include\sega_mapper.h">
      <Filter>Header Files</Filter>
    </ClInclude>
    <ClInclude Include="..\include\serialize.h">
      <Filter>Header Files</Filter>
    </ClInclude>
    <ClInclude Include="..\include\sms.h">
      <Filter>Header Files</Filter>
    </ClInclude>
    <ClInclude Include="..\include\system.h">
      <Filter>Header Files</Filter>
    </ClInclude>
    <ClInclude Include="..\include\terminal.h">
      <Filter>Header Files</Filter>
    </ClInclude>
    <ClInclude Include="..\include\tern.h">
      <Filter>Header Files</Filter>
    </ClInclude>
    <ClInclude Include="..\include\util.h">
      <Filter>Header Files</Filter>
    </ClInclude>
    <ClInclude Include="..\include\vdp.h">
      <Filter>Header Files</Filter>
    </ClInclude>
    <ClInclude Include="..\include\wave.h">
      <Filter>Header Files</Filter>
    </ClInclude>
    <ClInclude Include="..\include\xband.h">
      <Filter>Header Files</Filter>
    </ClInclude>
    <ClInclude Include="..\include\ym2612.h">
      <Filter>Header Files</Filter>
    </ClInclude>
    <ClInclude Include="..\include\z80_to_x86.h">
      <Filter>Header Files</Filter>
    </ClInclude>
    <ClInclude Include="..\include\z80inst.h">
      <Filter>Header Files</Filter>
    </ClInclude>
  </ItemGroup>
  <ItemGroup>
    <ClCompile Include="..\68kinst.c">
      <Filter>Source Files</Filter>
    </ClCompile>
    <ClCompile Include="..\ajunzip.c">
      <Filter>Source Files</Filter>
    </ClCompile>
    <ClCompile Include="..\arena.c">
      <Filter>Source Files</Filter>
    </ClCompile>
    <ClCompile Include="..\backend.c">
      <Filter>Source Files</Filter>
    </ClCompile>
    <ClCompile Include="..\backend_x86.c">
      <Filter>Source Files</Filter>
    </ClCompile>
    <ClCompile Include="..\blastem.c">
      <Filter>Source Files</Filter>
    </ClCompile>
    <ClCompile Include="..\config.c">
      <Filter>Source Files</Filter>
    </ClCompile>
    <ClCompile Include="..\debug.c">
      <Filter>Source Files</Filter>
    </ClCompile>
    <ClCompile Include="..\gdb_remote.c">
      <Filter>Source Files</Filter>
    </ClCompile>
    <ClCompile Include="..\gen.c">
      <Filter>Source Files</Filter>
    </ClCompile>
    <ClCompile Include="..\gen_x86.c">
      <Filter>Source Files</Filter>
    </ClCompile>
    <ClCompile Include="..\genesis.c">
      <Filter>Source Files</Filter>
    </ClCompile>
    <ClCompile Include="..\gresource.c">
      <Filter>Source Files</Filter>
    </ClCompile>
    <ClCompile Include="..\gst.c">
      <Filter>Source Files</Filter>
    </ClCompile>
    <ClCompile Include="..\gtk_gui.c">
      <Filter>Source Files</Filter>
    </ClCompile>
    <ClCompile Include="..\hash.c">
      <Filter>Source Files</Filter>
    </ClCompile>
    <ClCompile Include="..\i2c.c">
      <Filter>Source Files</Filter>
    </ClCompile>
    <ClCompile Include="..\io.c">
      <Filter>Source Files</Filter>
    </ClCompile>
    <ClCompile Include="..\m68k_core.c">
      <Filter>Source Files</Filter>
    </ClCompile>
    <ClCompile Include="..\m68k_core_x86.c">
      <Filter>Source Files</Filter>
    </ClCompile>
    <ClCompile Include="..\mem_win.c">
      <Filter>Source Files</Filter>
    </ClCompile>
    <ClCompile Include="..\menu.c">
      <Filter>Source Files</Filter>
    </ClCompile>
    <ClCompile Include="..\multi_game.c">
      <Filter>Source Files</Filter>
    </ClCompile>
    <ClCompile Include="..\nor.c">
      <Filter>Source Files</Filter>
    </ClCompile>
    <ClCompile Include="..\ppm.c">
      <Filter>Source Files</Filter>
    </ClCompile>
    <ClCompile Include="..\psg.c">
      <Filter>Source Files</Filter>
    </ClCompile>
    <ClCompile Include="..\realtec.c">
      <Filter>Source Files</Filter>
    </ClCompile>
    <ClCompile Include="..\render_sdl.c">
      <Filter>Source Files</Filter>
    </ClCompile>
    <ClCompile Include="..\romdb.c">
      <Filter>Source Files</Filter>
    </ClCompile>
    <ClCompile Include="..\sega_mapper.c">
      <Filter>Source Files</Filter>
    </ClCompile>
    <ClCompile Include="..\serialize.c">
      <Filter>Source Files</Filter>
    </ClCompile>
    <ClCompile Include="..\sms.c">
      <Filter>Source Files</Filter>
    </ClCompile>
    <ClCompile Include="..\system.c">
      <Filter>Source Files</Filter>
    </ClCompile>
    <ClCompile Include="..\terminal_win.c">
      <Filter>Source Files</Filter>
    </ClCompile>
    <ClCompile Include="..\tern.c">
      <Filter>Source Files</Filter>
    </ClCompile>
    <ClCompile Include="..\util.c">
      <Filter>Source Files</Filter>
    </ClCompile>
    <ClCompile Include="..\vdp.c">
      <Filter>Source Files</Filter>
    </ClCompile>
    <ClCompile Include="..\wave.c">
      <Filter>Source Files</Filter>
    </ClCompile>
    <ClCompile Include="..\xband.c">
      <Filter>Source Files</Filter>
    </ClCompile>
    <ClCompile Include="..\ym2612.c">
      <Filter>Source Files</Filter>
    </ClCompile>
    <ClCompile Include="..\z80_to_x86.c">
      <Filter>Source Files</Filter>
    </ClCompile>
    <ClCompile Include="..\z80inst.c">
      <Filter>Source Files</Filter>
    </ClCompile>
  </ItemGroup>
  <ItemGroup>
    <ResourceCompile Include="..\blastem.rc">
      <Filter>Resource Files</Filter>
    </ResourceCompile>
  </ItemGroup>
</Project>